{
  "name": "trump-img",
  "version": "1.0.0",
  "lockfileVersion": 1,
  "requires": true,
  "dependencies": {
    "elix": {
      "version": "6.0.5",
      "resolved": "https://registry.npmjs.org/elix/-/elix-6.0.5.tgz",
      "integrity": "sha512-oD7S0OZol8IA7quBrNuDGdyY0u2yepKIKJoQ+lum5S2pDHbKI3Eh1pR/GNBSGpuwG3475kz+BMXHLPlUcrQNdg=="
    }
  }
}
